
Microsoft Visual Studio Solution File, Format Version 12.00
# Visual Studio 15
VisualStudioVersion = 15.0.26730.16
MinimumVisualStudioVersion = 10.0.40219.1
Project("{FAE04EC0-301F-11D3-BF4B-00C04F79EFBC}") = "ReminderBotAPI", "ReminderBotAPI\ReminderBotAPI.csproj", "{8245AB93-3B6D-4141-B264-8C86C2F518EE}"
EndProject
Global
	GlobalSection(SolutionConfigurationPlatforms) = preSolution
		Debug|Any CPU = Debug|Any CPU
		Release|Any CPU = Release|Any CPU
	EndGlobalSection
	GlobalSection(ProjectConfigurationPlatforms) = postSolution
		{8245AB93-3B6D-4141-B264-8C86C2F518EE}.Debug|Any CPU.ActiveCfg = Debug|Any CPU
		{8245AB93-3B6D-4141-B264-8C86C2F518EE}.Debug|Any CPU.Build.0 = Debug|Any CPU
		{8245AB93-3B6D-4141-B264-8C86C2F518EE}.Release|Any CPU.ActiveCfg = Release|Any CPU
		{8245AB93-3B6D-4141-B264-8C86C2F518EE}.Release|Any CPU.Build.0 = Release|Any CPU
	EndGlobalSection
	GlobalSection(SolutionProperties) = preSolution
		HideSolutionNode = FALSE
	EndGlobalSection
	GlobalSection(ExtensibilityGlobals) = postSolution
		SolutionGuid = {D8027853-A866-4DCA-89C0-63F4ADBD50B1}
	EndGlobalSection
EndGlobal
